
Microsoft Visual Studio Solution File, Format Version 12.00
# Visual Studio 14
VisualStudioVersion = 14.0.25420.1
MinimumVisualStudioVersion = 10.0.40219.1
Project("{FAE04EC0-301F-11D3-BF4B-00C04F79EFBC}") = "Control_oop", "Control_oop\Control_oop.csproj", "{B03C71C8-B361-431C-8DBE-BDA916A9204C}"
EndProject
Project("{FAE04EC0-301F-11D3-BF4B-00C04F79EFBC}") = "x2", "x2\x2.csproj", "{9F44B5F3-956C-49EB-8458-15F14151F463}"
EndProject
Global
	GlobalSection(SolutionConfigurationPlatforms) = preSolution
		Debug|Any CPU = Debug|Any CPU
		Release|Any CPU = Release|Any CPU
	EndGlobalSection
	GlobalSection(ProjectConfigurationPlatforms) = postSolution
		{B03C71C8-B361-431C-8DBE-BDA916A9204C}.Debug|Any CPU.ActiveCfg = Debug|Any CPU
		{B03C71C8-B361-431C-8DBE-BDA916A9204C}.Debug|Any CPU.Build.0 = Debug|Any CPU
		{B03C71C8-B361-431C-8DBE-BDA916A9204C}.Release|Any CPU.ActiveCfg = Release|Any CPU
		{B03C71C8-B361-431C-8DBE-BDA916A9204C}.Release|Any CPU.Build.0 = Release|Any CPU
		{9F44B5F3-956C-49EB-8458-15F14151F463}.Debug|Any CPU.ActiveCfg = Debug|Any CPU
		{9F44B5F3-956C-49EB-8458-15F14151F463}.Debug|Any CPU.Build.0 = Debug|Any CPU
		{9F44B5F3-956C-49EB-8458-15F14151F463}.Release|Any CPU.ActiveCfg = Release|Any CPU
		{9F44B5F3-956C-49EB-8458-15F14151F463}.Release|Any CPU.Build.0 = Release|Any CPU
	EndGlobalSection
	GlobalSection(SolutionProperties) = preSolution
		HideSolutionNode = FALSE
	EndGlobalSection
EndGlobal
